
Microsoft Visual Studio Solution File, Format Version 12.00
# Visual Studio Version 16
VisualStudioVersion = 16.0.32929.386
MinimumVisualStudioVersion = 10.0.40219.1
Project("{FAE04EC0-301F-11D3-BF4B-00C04F79EFBC}") = "Aula4.2", "Aula4.2\Aula4.2.csproj", "{7101D626-B911-480E-A234-FB6D465ECBBE}"
EndProject
Global
	GlobalSection(SolutionConfigurationPlatforms) = preSolution
		Debug|Any CPU = Debug|Any CPU
		Release|Any CPU = Release|Any CPU
	EndGlobalSection
	GlobalSection(ProjectConfigurationPlatforms) = postSolution
		{7101D626-B911-480E-A234-FB6D465ECBBE}.Debug|Any CPU.ActiveCfg = Debug|Any CPU
		{7101D626-B911-480E-A234-FB6D465ECBBE}.Debug|Any CPU.Build.0 = Debug|Any CPU
		{7101D626-B911-480E-A234-FB6D465ECBBE}.Release|Any CPU.ActiveCfg = Release|Any CPU
		{7101D626-B911-480E-A234-FB6D465ECBBE}.Release|Any CPU.Build.0 = Release|Any CPU
	EndGlobalSection
	GlobalSection(SolutionProperties) = preSolution
		HideSolutionNode = FALSE
	EndGlobalSection
	GlobalSection(ExtensibilityGlobals) = postSolution
		SolutionGuid = {7ABE1169-D83B-438D-ABFD-671E84217D84}
	EndGlobalSection
EndGlobal
